
Microsoft Visual Studio Solution File, Format Version 12.00
# Visual Studio Version 16
VisualStudioVersion = 25.0.1703.8
MinimumVisualStudioVersion = 10.0.40219.1
Project("{FAE04EC0-301F-11D3-BF4B-00C04F79EFBC}") = "ATM", "ATM\ATM.csproj", "{46B6199A-BDA7-451E-A416-9680A8E98F84}"
EndProject
Global
	GlobalSection(SolutionConfigurationPlatforms) = preSolution
		Debug|Any CPU = Debug|Any CPU
		Release|Any CPU = Release|Any CPU
	EndGlobalSection
	GlobalSection(ProjectConfigurationPlatforms) = postSolution
		{46B6199A-BDA7-451E-A416-9680A8E98F84}.Debug|Any CPU.ActiveCfg = Debug|Any CPU
		{46B6199A-BDA7-451E-A416-9680A8E98F84}.Debug|Any CPU.Build.0 = Debug|Any CPU
		{46B6199A-BDA7-451E-A416-9680A8E98F84}.Release|Any CPU.ActiveCfg = Release|Any CPU
		{46B6199A-BDA7-451E-A416-9680A8E98F84}.Release|Any CPU.Build.0 = Release|Any CPU
	EndGlobalSection
	GlobalSection(SolutionProperties) = preSolution
		HideSolutionNode = FALSE
	EndGlobalSection
	GlobalSection(ExtensibilityGlobals) = postSolution
		SolutionGuid = {30965E50-B805-4F20-B89A-7EF37B6C1898}
	EndGlobalSection
EndGlobal
