
Microsoft Visual Studio Solution File, Format Version 12.00
# Visual Studio Version 16
VisualStudioVersion = 25.0.1703.8
MinimumVisualStudioVersion = 10.0.40219.1
Project("{FAE04EC0-301F-11D3-BF4B-00C04F79EFBC}") = "BankingApp", "BankingApp.csproj", "{4D4F4AB1-EBC8-4C98-9F9D-AAEDD5E805DF}"
EndProject
Global
	GlobalSection(SolutionConfigurationPlatforms) = preSolution
		Debug|Any CPU = Debug|Any CPU
		Release|Any CPU = Release|Any CPU
	EndGlobalSection
	GlobalSection(ProjectConfigurationPlatforms) = postSolution
		{4D4F4AB1-EBC8-4C98-9F9D-AAEDD5E805DF}.Debug|Any CPU.ActiveCfg = Debug|Any CPU
		{4D4F4AB1-EBC8-4C98-9F9D-AAEDD5E805DF}.Debug|Any CPU.Build.0 = Debug|Any CPU
		{4D4F4AB1-EBC8-4C98-9F9D-AAEDD5E805DF}.Release|Any CPU.ActiveCfg = Release|Any CPU
		{4D4F4AB1-EBC8-4C98-9F9D-AAEDD5E805DF}.Release|Any CPU.Build.0 = Release|Any CPU
	EndGlobalSection
	GlobalSection(SolutionProperties) = preSolution
		HideSolutionNode = FALSE
	EndGlobalSection
	GlobalSection(ExtensibilityGlobals) = postSolution
		SolutionGuid = {094BE8FB-7EE6-4889-B651-F387F635116F}
	EndGlobalSection
EndGlobal
